// !$*UTF8*$!
{
	archiveVersion = 1;
	classes = {
	};
	objectVersion = 50;
	objects = {

/* Begin PBXBuildFile section */
		3AAD410023486FD100836827 /* AppDelegate.m in Sources */ = {isa = PBXBuildFile; fileRef = 3AAD40FF23486FD100836827 /* AppDelegate.m */; };
		3AAD410323486FD100836827 /* ViewController.m in Sources */ = {isa = PBXBuildFile; fileRef = 3AAD410223486FD100836827 /* ViewController.m */; };
		3AAD410623486FD100836827 /* Main.storyboard in Resources */ = {isa = PBXBuildFile; fileRef = 3AAD410423486FD100836827 /* Main.storyboard */; };
		3AAD410823486FD200836827 /* Assets.xcassets in Resources */ = {isa = PBXBuildFile; fileRef = 3AAD410723486FD200836827 /* Assets.xcassets */; };
		3AAD410B23486FD200836827 /* LaunchScreen.storyboard in Resources */ = {isa = PBXBuildFile; fileRef = 3AAD410923486FD200836827 /* LaunchScreen.storyboard */; };
		3AAD410E23486FD200836827 /* main.m in Sources */ = {isa = PBXBuildFile; fileRef = 3AAD410D23486FD200836827 /* main.m */; };
		3AAD41192348738900836827 /* CalculatorModel.m in Sources */ = {isa = PBXBuildFile; fileRef = 3AAD41182348738900836827 /* CalculatorModel.m */; };
		3AAD411C234873C300836827 /* CalView.m in Sources */ = {isa = PBXBuildFile; fileRef = 3AAD411B234873C300836827 /* CalView.m */; };
		63546D95053C4ED5CF40C2C2 /* libPods-Calculator.a in Frameworks */ = {isa = PBXBuildFile; fileRef = E85CD1546E16E9761C80D74C /* libPods-Calculator.a */; };
/* End PBXBuildFile section */

/* Begin PBXFileReference section */
		3AAD40FB23486FD100836827 /* Calculator.app */ = {isa = PBXFileReference; explicitFileType = wrapper.application; includeInIndex = 0; path = Calculator.app; sourceTree = BUILT_PRODUCTS_DIR; };
		3AAD40FE23486FD100836827 /* AppDelegate.h */ = {isa = PBXFileReference; lastKnownFileType = sourcecode.c.h; path = AppDelegate.h; sourceTree = "<group>"; };
		3AAD40FF23486FD100836827 /* AppDelegate.m */ = {isa = PBXFileReference; lastKnownFileType = sourcecode.c.objc; path = AppDelegate.m; sourceTree = "<group>"; };
		3AAD410123486FD100836827 /* ViewController.h */ = {isa = PBXFileReference; lastKnownFileType = sourcecode.c.h; path = ViewController.h; sourceTree = "<group>"; };
		3AAD410223486FD100836827 /* ViewController.m */ = {isa = PBXFileReference; lastKnownFileType = sourcecode.c.objc; path = ViewController.m; sourceTree = "<group>"; };
		3AAD410523486FD100836827 /* Base */ = {isa = PBXFileReference; lastKnownFileType = file.storyboard; name = Base; path = Base.lproj/Main.storyboard; sourceTree = "<group>"; };
		3AAD410723486FD200836827 /* Assets.xcassets */ = {isa = PBXFileReference; lastKnownFileType = folder.assetcatalog; path = Assets.xcassets; sourceTree = "<group>"; };
		3AAD410A23486FD200836827 /* Base */ = {isa = PBXFileReference; lastKnownFileType = file.storyboard; name = Base; path = Base.lproj/LaunchScreen.storyboard; sourceTree = "<group>"; };
		3AAD410C23486FD200836827 /* Info.plist */ = {isa = PBXFileReference; lastKnownFileType = text.plist.xml; path = Info.plist; sourceTree = "<group>"; };
		3AAD410D23486FD200836827 /* main.m */ = {isa = PBXFileReference; lastKnownFileType = sourcecode.c.objc; path = main.m; sourceTree = "<group>"; };
		3AAD41172348738900836827 /* CalculatorModel.h */ = {isa = PBXFileReference; lastKnownFileType = sourcecode.c.h; path = CalculatorModel.h; sourceTree = "<group>"; };
		3AAD41182348738900836827 /* CalculatorModel.m */ = {isa = PBXFileReference; lastKnownFileType = sourcecode.c.objc; path = CalculatorModel.m; sourceTree = "<group>"; };
		3AAD411A234873C300836827 /* CalView.h */ = {isa = PBXFileReference; lastKnownFileType = sourcecode.c.h; path = CalView.h; sourceTree = "<group>"; };
		3AAD411B234873C300836827 /* CalView.m */ = {isa = PBXFileReference; lastKnownFileType = sourcecode.c.objc; path = CalView.m; sourceTree = "<group>"; };
		726DD736D3279BA9F45AB0C6 /* Pods-Calculator.debug.xcconfig */ = {isa = PBXFileReference; includeInIndex = 1; lastKnownFileType = text.xcconfig; name = "Pods-Calculator.debug.xcconfig"; path = "Target Support Files/Pods-Calculator/Pods-Calculator.debug.xcconfig"; sourceTree = "<group>"; };
		E85CD1546E16E9761C80D74C /* libPods-Calculator.a */ = {isa = PBXFileReference; explicitFileType = archive.ar; includeInIndex = 0; path = "libPods-Calculator.a"; sourceTree = BUILT_PRODUCTS_DIR; };
		FAEDAF986F04FB8951CE698A /* Pods-Calculator.release.xcconfig */ = {isa = PBXFileReference; includeInIndex = 1; lastKnownFileType = text.xcconfig; name = "Pods-Calculator.release.xcconfig"; path = "Target Support Files/Pods-Calculator/Pods-Calculator.release.xcconfig"; sourceTree = "<group>"; };
/* End PBXFileReference section */

/* Begin PBXFrameworksBuildPhase section */
		3AAD40F823486FD100836827 /* Frameworks */ = {
			isa = PBXFrameworksBuildPhase;
			buildActionMask = 2147483647;
			files = (
				63546D95053C4ED5CF40C2C2 /* libPods-Calculator.a in Frameworks */,
			);
			runOnlyForDeploymentPostprocessing = 0;
		};
/* End PBXFrameworksBuildPhase section */

/* Begin PBXGroup section */
		058BA1B5C6EB849B1F4D7195 /* Frameworks */ = {
			isa = PBXGroup;
			children = (
				E85CD1546E16E9761C80D74C /* libPods-Calculator.a */,
			);
			name = Frameworks;
			sourceTree = "<group>";
		};
		3AAD40F223486FD100836827 = {
			isa = PBXGroup;
			children = (
				3AAD40FD23486FD100836827 /* Calculator */,
				3AAD40FC23486FD100836827 /* Products */,
				65095CEF681911B101C769AF /* Pods */,
				058BA1B5C6EB849B1F4D7195 /* Frameworks */,
			);
			sourceTree = "<group>";
		};
		3AAD40FC23486FD100836827 /* Products */ = {
			isa = PBXGroup;
			children = (
				3AAD40FB23486FD100836827 /* Calculator.app */,
			);
			name = Products;
			sourceTree = "<group>";
		};
		3AAD40FD23486FD100836827 /* Calculator */ = {
			isa = PBXGroup;
			children = (
				3AAD4114234872EC00836827 /* Model */,
				3AAD4115234872F900836827 /* CalculatorView */,
				3AAD41162348732400836827 /* Controller */,
				3AAD40FE23486FD100836827 /* AppDelegate.h */,
				3AAD40FF23486FD100836827 /* AppDelegate.m */,
				3AAD410423486FD100836827 /* Main.storyboard */,
				3AAD410723486FD200836827 /* Assets.xcassets */,
				3AAD410923486FD200836827 /* LaunchScreen.storyboard */,
				3AAD410C23486FD200836827 /* Info.plist */,
				3AAD410D23486FD200836827 /* main.m */,
			);
			path = Calculator;
			sourceTree = "<group>";
		};
		3AAD4114234872EC00836827 /* Model */ = {
			isa = PBXGroup;
			children = (
				3AAD41172348738900836827 /* CalculatorModel.h */,
				3AAD41182348738900836827 /* CalculatorModel.m */,
			);
			path = Model;
			sourceTree = "<group>";
		};
		3AAD4115234872F900836827 /* CalculatorView */ = {
			isa = PBXGroup;
			children = (
				3AAD411A234873C300836827 /* CalView.h */,
				3AAD411B234873C300836827 /* CalView.m */,
			);
			path = CalculatorView;
			sourceTree = "<group>";
		};
		3AAD41162348732400836827 /* Controller */ = {
			isa = PBXGroup;
			children = (
				3AAD410123486FD100836827 /* ViewController.h */,
				3AAD410223486FD100836827 /* ViewController.m */,
			);
			path = Controller;
			sourceTree = "<group>";
		};
		65095CEF681911B101C769AF /* Pods */ = {
			isa = PBXGroup;
			children = (
				726DD736D3279BA9F45AB0C6 /* Pods-Calculator.debug.xcconfig */,
				FAEDAF986F04FB8951CE698A /* Pods-Calculator.release.xcconfig */,
			);
			path = Pods;
			sourceTree = "<group>";
		};
/* End PBXGroup section */

/* Begin PBXNativeTarget section */
		3AAD40FA23486FD100836827 /* Calculator */ = {
			isa = PBXNativeTarget;
			buildConfigurationList = 3AAD411123486FD200836827 /* Build configuration list for PBXNativeTarget "Calculator" */;
			buildPhases = (
				4D626480307AC8ABB09D9DAC /* [CP] Check Pods Manifest.lock */,
				3AAD40F723486FD100836827 /* Sources */,
				3AAD40F823486FD100836827 /* Frameworks */,
				3AAD40F923486FD100836827 /* Resources */,
			);
			buildRules = (
			);
			dependencies = (
			);
			name = Calculator;
			productName = Calculator;
			productReference = 3AAD40FB23486FD100836827 /* Calculator.app */;
			productType = "com.apple.product-type.application";
		};
/* End PBXNativeTarget section */

/* Begin PBXProject section */
		3AAD40F323486FD100836827 /* Project object */ = {
			isa = PBXProject;
			attributes = {
				LastUpgradeCheck = 1020;
				ORGANIZATIONNAME = "鳞潜羽翔";
				TargetAttributes = {
					3AAD40FA23486FD100836827 = {
						CreatedOnToolsVersion = 10.2.1;
					};
				};
			};
			buildConfigurationList = 3AAD40F623486FD100836827 /* Build configuration list for PBXProject "Calculator" */;
			compatibilityVersion = "Xcode 9.3";
			developmentRegion = en;
			hasScannedForEncodings = 0;
			knownRegions = (
				en,
				Base,
			);
			mainGroup = 3AAD40F223486FD100836827;
			productRefGroup = 3AAD40FC23486FD100836827 /* Products */;
			projectDirPath = "";
			projectRoot = "";
			targets = (
				3AAD40FA23486FD100836827 /* Calculator */,
			);
		};
/* End PBXProject section */

/* Begin PBXResourcesBuildPhase section */
		3AAD40F923486FD100836827 /* Resources */ = {
			isa = PBXResourcesBuildPhase;
			buildActionMask = 2147483647;
			files = (
				3AAD410B23486FD200836827 /* LaunchScreen.storyboard in Resources */,
				3AAD410823486FD200836827 /* Assets.xcassets in Resources */,
				3AAD410623486FD100836827 /* Main.storyboard in Resources */,
			);
			runOnlyForDeploymentPostprocessing = 0;
		};
/* End PBXResourcesBuildPhase section */

/* Begin PBXShellScriptBuildPhase section */
		4D626480307AC8ABB09D9DAC /* [CP] Check Pods Manifest.lock */ = {
			isa = PBXShellScriptBuildPhase;
			buildActionMask = 2147483647;
			files = (
			);
			inputFileListPaths = (
			);
			inputPaths = (
				"${PODS_PODFILE_DIR_PATH}/Podfile.lock",
				"${PODS_ROOT}/Manifest.lock",
			);
			name = "[CP] Check Pods Manifest.lock";
			outputFileListPaths = (
			);
			outputPaths = (
				"$(DERIVED_FILE_DIR)/Pods-Calculator-checkManifestLockResult.txt",
			);
			runOnlyForDeploymentPostprocessing = 0;
			shellPath = /bin/sh;
			shellScript = "diff \"${PODS_PODFILE_DIR_PATH}/Podfile.lock\" \"${PODS_ROOT}/Manifest.lock\" > /dev/null\nif [ $? != 0 ] ; then\n    # print error to STDERR\n    echo \"error: The sandbox is not in sync with the Podfile.lock. Run 'pod install' or update your CocoaPods installation.\" >&2\n    exit 1\nfi\n# This output is used by Xcode 'outputs' to avoid re-running this script phase.\necho \"SUCCESS\" > \"${SCRIPT_OUTPUT_FILE_0}\"\n";
			showEnvVarsInLog = 0;
		};
/* End PBXShellScriptBuildPhase section */

/* Begin PBXSourcesBuildPhase section */
		3AAD40F723486FD100836827 /* Sources */ = {
			isa = PBXSourcesBuildPhase;
			buildActionMask = 2147483647;
			files = (
				3AAD410323486FD100836827 /* ViewController.m in Sources */,
				3AAD411C234873C300836827 /* CalView.m in Sources */,
				3AAD410E23486FD200836827 /* main.m in Sources */,
				3AAD410023486FD100836827 /* AppDelegate.m in Sources */,
				3AAD41192348738900836827 /* CalculatorModel.m in Sources */,
			);
			runOnlyForDeploymentPostprocessing = 0;
		};
/* End PBXSourcesBuildPhase section */

/* Begin PBXVariantGroup section */
		3AAD410423486FD100836827 /* Main.storyboard */ = {
			isa = PBXVariantGroup;
			children = (
				3AAD410523486FD100836827 /* Base */,
			);
			name = Main.storyboard;
			sourceTree = "<group>";
		};
		3AAD410923486FD200836827 /* LaunchScreen.storyboard */ = {
			isa = PBXVariantGroup;
			children = (
				3AAD410A23486FD200836827 /* Base */,
			);
			name = LaunchScreen.storyboard;
			sourceTree = "<group>";
		};
/* End PBXVariantGroup section */

/* Begin XCBuildConfiguration section */
		3AAD410F23486FD200836827 /* Debug */ = {
			isa = XCBuildConfiguration;
			buildSettings = {
				ALWAYS_SEARCH_USER_PATHS = NO;
				CLANG_ANALYZER_NONNULL = YES;
				CLANG_ANALYZER_NUMBER_OBJECT_CONVERSION = YES_AGGRESSIVE;
				CLANG_CXX_LANGUAGE_STANDARD = "gnu++14";
				CLANG_CXX_LIBRARY = "libc++";
				CLANG_ENABLE_MODULES = YES;
				CLANG_ENABLE_OBJC_ARC = YES;
				CLANG_ENABLE_OBJC_WEAK = YES;
				CLANG_WARN_BLOCK_CAPTURE_AUTORELEASING = YES;
				CLANG_WARN_BOOL_CONVERSION = YES;
				CLANG_WARN_COMMA = YES;
				CLANG_WARN_CONSTANT_CONVERSION = YES;
				CLANG_WARN_DEPRECATED_OBJC_IMPLEMENTATIONS = YES;
				CLANG_WARN_DIRECT_OBJC_ISA_USAGE = YES_ERROR;
				CLANG_WARN_DOCUMENTATION_COMMENTS = YES;
				CLANG_WARN_EMPTY_BODY = YES;
				CLANG_WARN_ENUM_CONVERSION = YES;
				CLANG_WARN_INFINITE_RECURSION = YES;
				CLANG_WARN_INT_CONVERSION = YES;
				CLANG_WARN_NON_LITERAL_NULL_CONVERSION = YES;
				CLANG_WARN_OBJC_IMPLICIT_RETAIN_SELF = YES;
				CLANG_WARN_OBJC_LITERAL_CONVERSION = YES;
				CLANG_WARN_OBJC_ROOT_CLASS = YES_ERROR;
				CLANG_WARN_RANGE_LOOP_ANALYSIS = YES;
				CLANG_WARN_STRICT_PROTOTYPES = YES;
				CLANG_WARN_SUSPICIOUS_MOVE = YES;
				CLANG_WARN_UNGUARDED_AVAILABILITY = YES_AGGRESSIVE;
				CLANG_WARN_UNREACHABLE_CODE = YES;
				CLANG_WARN__DUPLICATE_METHOD_MATCH = YES;
				CODE_SIGN_IDENTITY = "iPhone Developer";
				COPY_PHASE_STRIP = NO;
				DEBUG_INFORMATION_FORMAT = dwarf;
				ENABLE_STRICT_OBJC_MSGSEND = YES;
				ENABLE_TESTABILITY = YES;
				GCC_C_LANGUAGE_STANDARD = gnu11;
				GCC_DYNAMIC_NO_PIC = NO;
				GCC_NO_COMMON_BLOCKS = YES;
				GCC_OPTIMIZATION_LEVEL = 0;
				GCC_PREPROCESSOR_DEFINITIONS = (
					"DEBUG=1",
					"$(inherited)",
				);
				GCC_WARN_64_TO_32_BIT_CONVERSION = YES;
				GCC_WARN_ABOUT_RETURN_TYPE = YES_ERROR;
				GCC_WARN_UNDECLARED_SELECTOR = YES;
				GCC_WARN_UNINITIALIZED_AUTOS = YES_AGGRESSIVE;
				GCC_WARN_UNUSED_FUNCTION = YES;
				GCC_WARN_UNUSED_VARIABLE = YES;
				IPHONEOS_DEPLOYMENT_TARGET = 12.2;
				MTL_ENABLE_DEBUG_INFO = INCLUDE_SOURCE;
				MTL_FAST_MATH = YES;
				ONLY_ACTIVE_ARCH = YES;
				SDKROOT = iphoneos;
			};
			name = Debug;
		};
		3AAD411023486FD200836827 /* Release */ = {
			isa = XCBuildConfiguration;
			buildSettings = {
				ALWAYS_SEARCH_USER_PATHS = NO;
				CLANG_ANALYZER_NONNULL = YES;
				CLANG_ANALYZER_NUMBER_OBJECT_CONVERSION = YES_AGGRESSIVE;
				CLANG_CXX_LANGUAGE_STANDARD = "gnu++14";
				CLANG_CXX_LIBRARY = "libc++";
				CLANG_ENABLE_MODULES = YES;
				CLANG_ENABLE_OBJC_ARC = YES;
				CLANG_ENABLE_OBJC_WEAK = YES;
				CLANG_WARN_BLOCK_CAPTURE_AUTORELEASING = YES;
				CLANG_WARN_BOOL_CONVERSION = YES;
				CLANG_WARN_COMMA = YES;
				CLANG_WARN_CONSTANT_CONVERSION = YES;
				CLANG_WARN_DEPRECATED_OBJC_IMPLEMENTATIONS = YES;
				CLANG_WARN_DIRECT_OBJC_ISA_USAGE = YES_ERROR;
				CLANG_WARN_DOCUMENTATION_COMMENTS = YES;
				CLANG_WARN_EMPTY_BODY = YES;
				CLANG_WARN_ENUM_CONVERSION = YES;
				CLANG_WARN_INFINITE_RECURSION = YES;
				CLANG_WARN_INT_CONVERSION = YES;
				CLANG_WARN_NON_LITERAL_NULL_CONVERSION = YES;
				CLANG_WARN_OBJC_IMPLICIT_RETAIN_SELF = YES;
				CLANG_WARN_OBJC_LITERAL_CONVERSION = YES;
				CLANG_WARN_OBJC_ROOT_CLASS = YES_ERROR;
				CLANG_WARN_RANGE_LOOP_ANALYSIS = YES;
				CLANG_WARN_STRICT_PROTOTYPES = YES;
				CLANG_WARN_SUSPICIOUS_MOVE = YES;
				CLANG_WARN_UNGUARDED_AVAILABILITY = YES_AGGRESSIVE;
				CLANG_WARN_UNREACHABLE_CODE = YES;
				CLANG_WARN__DUPLICATE_METHOD_MATCH = YES;
				CODE_SIGN_IDENTITY = "iPhone Developer";
				COPY_PHASE_STRIP = NO;
				DEBUG_INFORMATION_FORMAT = "dwarf-with-dsym";
				ENABLE_NS_ASSERTIONS = NO;
				ENABLE_STRICT_OBJC_MSGSEND = YES;
				GCC_C_LANGUAGE_STANDARD = gnu11;
				GCC_NO_COMMON_BLOCKS = YES;
				GCC_WARN_64_TO_32_BIT_CONVERSION = YES;
				GCC_WARN_ABOUT_RETURN_TYPE = YES_ERROR;
				GCC_WARN_UNDECLARED_SELECTOR = YES;
				GCC_WARN_UNINITIALIZED_AUTOS = YES_AGGRESSIVE;
				GCC_WARN_UNUSED_FUNCTION = YES;
				GCC_WARN_UNUSED_VARIABLE = YES;
				IPHONEOS_DEPLOYMENT_TARGET = 12.2;
				MTL_ENABLE_DEBUG_INFO = NO;
				MTL_FAST_MATH = YES;
				SDKROOT = iphoneos;
				VALIDATE_PRODUCT = YES;
			};
			name = Release;
		};
		3AAD411223486FD200836827 /* Debug */ = {
			isa = XCBuildConfiguration;
			baseConfigurationReference = 726DD736D3279BA9F45AB0C6 /* Pods-Calculator.debug.xcconfig */;
			buildSettings = {
				ASSETCATALOG_COMPILER_APPICON_NAME = AppIcon;
				CODE_SIGN_STYLE = Automatic;
				DEVELOPMENT_TEAM = 7U4KZJ7R62;
				INFOPLIST_FILE = Calculator/Info.plist;
				LD_RUNPATH_SEARCH_PATHS = (
					"$(inherited)",
					"@executable_path/Frameworks",
				);
				PRODUCT_BUNDLE_IDENTIFIER = "-.Calculator";
				PRODUCT_NAME = "$(TARGET_NAME)";
				TARGETED_DEVICE_FAMILY = "1,2";
			};
			name = Debug;
		};
		3AAD411323486FD200836827 /* Release */ = {
			isa = XCBuildConfiguration;
			baseConfigurationReference = FAEDAF986F04FB8951CE698A /* Pods-Calculator.release.xcconfig */;
			buildSettings = {
				ASSETCATALOG_COMPILER_APPICON_NAME = AppIcon;
				CODE_SIGN_STYLE = Automatic;
				DEVELOPMENT_TEAM = 7U4KZJ7R62;
				INFOPLIST_FILE = Calculator/Info.plist;
				LD_RUNPATH_SEARCH_PATHS = (
					"$(inherited)",
					"@executable_path/Frameworks",
				);
				PRODUCT_BUNDLE_IDENTIFIER = "-.Calculator";
				PRODUCT_NAME = "$(TARGET_NAME)";
				TARGETED_DEVICE_FAMILY = "1,2";
			};
			name = Release;
		};
/* End XCBuildConfiguration section */

/* Begin XCConfigurationList section */
		3AAD40F623486FD100836827 /* Build configuration list for PBXProject "Calculator" */ = {
			isa = XCConfigurationList;
			buildConfigurations = (
				3AAD410F23486FD200836827 /* Debug */,
				3AAD411023486FD200836827 /* Release */,
			);
			defaultConfigurationIsVisible = 0;
			defaultConfigurationName = Release;
		};
		3AAD411123486FD200836827 /* Build configuration list for PBXNativeTarget "Calculator" */ = {
			isa = XCConfigurationList;
			buildConfigurations = (
				3AAD411223486FD200836827 /* Debug */,
				3AAD411323486FD200836827 /* Release */,
			);
			defaultConfigurationIsVisible = 0;
			defaultConfigurationName = Release;
		};
/* End XCConfigurationList section */
	};
	rootObject = 3AAD40F323486FD100836827 /* Project object */;
}
